
Microsoft Visual Studio Solution File, Format Version 12.00
# Visual Studio Version 17
VisualStudioVersion = 17.5.002.0
MinimumVisualStudioVersion = 10.0.40219.1
Project("{9A19103F-16F7-4668-BE54-9A1E7A4F7556}") = "ElectricEquipmentDotNetCoreProject", "ElectricEquipmentDotNetCoreAPI\ElectricEquipmentDotNetCoreProject.csproj", "{A18D7BD3-B828-4F3A-891C-A18D840D7E46}"
EndProject
Global
	GlobalSection(SolutionConfigurationPlatforms) = preSolution
		Debug|Any CPU = Debug|Any CPU
		Release|Any CPU = Release|Any CPU
	EndGlobalSection
	GlobalSection(ProjectConfigurationPlatforms) = postSolution
		{A18D7BD3-B828-4F3A-891C-A18D840D7E46}.Debug|Any CPU.ActiveCfg = Debug|Any CPU
		{A18D7BD3-B828-4F3A-891C-A18D840D7E46}.Debug|Any CPU.Build.0 = Debug|Any CPU
		{A18D7BD3-B828-4F3A-891C-A18D840D7E46}.Release|Any CPU.ActiveCfg = Release|Any CPU
		{A18D7BD3-B828-4F3A-891C-A18D840D7E46}.Release|Any CPU.Build.0 = Release|Any CPU
	EndGlobalSection
	GlobalSection(SolutionProperties) = preSolution
		HideSolutionNode = FALSE
	EndGlobalSection
	GlobalSection(ExtensibilityGlobals) = postSolution
		SolutionGuid = {FF7D4D29-61E1-41A7-9CB2-40AC4CCCC09A}
	EndGlobalSection
EndGlobal
